
Microsoft Visual Studio Solution File, Format Version 12.00
# Visual Studio Version 17
VisualStudioVersion = 17.12.35527.113
MinimumVisualStudioVersion = 10.0.40219.1
Project("{FAE04EC0-301F-11D3-BF4B-00C04F79EFBC}") = "GameEngine", "GameEngine\GameEngine.csproj", "{657240B5-9AE1-4667-80E5-CF2FDA619E6D}"
EndProject
Project("{FAE04EC0-301F-11D3-BF4B-00C04F79EFBC}") = "GameEngine.Tests", "GameEngine.Tests\GameEngine.Tests.csproj", "{0D4E17B5-0EBE-4F5E-B734-2AB8E90A8E49}"
EndProject
Project("{FAE04EC0-301F-11D3-BF4B-00C04F79EFBC}") = "GameEngine.Console", "GameEngine.Console\GameEngine.Console.csproj", "{87075894-C04B-4CAA-9538-ED6EA9BD3B86}"
EndProject
Project("{FAE04EC0-301F-11D3-BF4B-00C04F79EFBC}") = "GameEngine.Api", "GameEngine.Api\GameEngine.Api.csproj", "{69942DF0-8C0E-4FD1-AF1A-522D885869BE}"
EndProject
Project("{FAE04EC0-301F-11D3-BF4B-00C04F79EFBC}") = "GameEngine.Contracts", "GameEngine.Contracts\GameEngine.Contracts.csproj", "{4328D807-4DF5-4FD6-AA07-47D1C112E8DD}"
EndProject
Project("{FAE04EC0-301F-11D3-BF4B-00C04F79EFBC}") = "GameEngine.Web", "GameEngine.Web\GameEngine.Web.csproj", "{E9B2581B-1AAA-4F7C-9863-68A3A55FE333}"
EndProject
Global
	GlobalSection(SolutionConfigurationPlatforms) = preSolution
		Debug|Any CPU = Debug|Any CPU
		Debug|x64 = Debug|x64
		Debug|x86 = Debug|x86
		Release|Any CPU = Release|Any CPU
		Release|x64 = Release|x64
		Release|x86 = Release|x86
	EndGlobalSection
	GlobalSection(ProjectConfigurationPlatforms) = postSolution
		{657240B5-9AE1-4667-80E5-CF2FDA619E6D}.Debug|Any CPU.ActiveCfg = Debug|Any CPU
		{657240B5-9AE1-4667-80E5-CF2FDA619E6D}.Debug|Any CPU.Build.0 = Debug|Any CPU
		{657240B5-9AE1-4667-80E5-CF2FDA619E6D}.Debug|x64.ActiveCfg = Debug|Any CPU
		{657240B5-9AE1-4667-80E5-CF2FDA619E6D}.Debug|x64.Build.0 = Debug|Any CPU
		{657240B5-9AE1-4667-80E5-CF2FDA619E6D}.Debug|x86.ActiveCfg = Debug|Any CPU
		{657240B5-9AE1-4667-80E5-CF2FDA619E6D}.Debug|x86.Build.0 = Debug|Any CPU
		{657240B5-9AE1-4667-80E5-CF2FDA619E6D}.Release|Any CPU.ActiveCfg = Release|Any CPU
		{657240B5-9AE1-4667-80E5-CF2FDA619E6D}.Release|Any CPU.Build.0 = Release|Any CPU
		{657240B5-9AE1-4667-80E5-CF2FDA619E6D}.Release|x64.ActiveCfg = Release|Any CPU
		{657240B5-9AE1-4667-80E5-CF2FDA619E6D}.Release|x64.Build.0 = Release|Any CPU
		{657240B5-9AE1-4667-80E5-CF2FDA619E6D}.Release|x86.ActiveCfg = Release|Any CPU
		{657240B5-9AE1-4667-80E5-CF2FDA619E6D}.Release|x86.Build.0 = Release|Any CPU
		{0D4E17B5-0EBE-4F5E-B734-2AB8E90A8E49}.Debug|Any CPU.ActiveCfg = Debug|Any CPU
		{0D4E17B5-0EBE-4F5E-B734-2AB8E90A8E49}.Debug|Any CPU.Build.0 = Debug|Any CPU
		{0D4E17B5-0EBE-4F5E-B734-2AB8E90A8E49}.Debug|x64.ActiveCfg = Debug|Any CPU
		{0D4E17B5-0EBE-4F5E-B734-2AB8E90A8E49}.Debug|x64.Build.0 = Debug|Any CPU
		{0D4E17B5-0EBE-4F5E-B734-2AB8E90A8E49}.Debug|x86.ActiveCfg = Debug|Any CPU
		{0D4E17B5-0EBE-4F5E-B734-2AB8E90A8E49}.Debug|x86.Build.0 = Debug|Any CPU
		{0D4E17B5-0EBE-4F5E-B734-2AB8E90A8E49}.Release|Any CPU.ActiveCfg = Release|Any CPU
		{0D4E17B5-0EBE-4F5E-B734-2AB8E90A8E49}.Release|Any CPU.Build.0 = Release|Any CPU
		{0D4E17B5-0EBE-4F5E-B734-2AB8E90A8E49}.Release|x64.ActiveCfg = Release|Any CPU
		{0D4E17B5-0EBE-4F5E-B734-2AB8E90A8E49}.Release|x64.Build.0 = Release|Any CPU
		{0D4E17B5-0EBE-4F5E-B734-2AB8E90A8E49}.Release|x86.ActiveCfg = Release|Any CPU
		{0D4E17B5-0EBE-4F5E-B734-2AB8E90A8E49}.Release|x86.Build.0 = Release|Any CPU
		{87075894-C04B-4CAA-9538-ED6EA9BD3B86}.Debug|Any CPU.ActiveCfg = Debug|Any CPU
		{87075894-C04B-4CAA-9538-ED6EA9BD3B86}.Debug|Any CPU.Build.0 = Debug|Any CPU
		{87075894-C04B-4CAA-9538-ED6EA9BD3B86}.Debug|x64.ActiveCfg = Debug|Any CPU
		{87075894-C04B-4CAA-9538-ED6EA9BD3B86}.Debug|x64.Build.0 = Debug|Any CPU
		{87075894-C04B-4CAA-9538-ED6EA9BD3B86}.Debug|x86.ActiveCfg = Debug|Any CPU
		{87075894-C04B-4CAA-9538-ED6EA9BD3B86}.Debug|x86.Build.0 = Debug|Any CPU
		{87075894-C04B-4CAA-9538-ED6EA9BD3B86}.Release|Any CPU.ActiveCfg = Release|Any CPU
		{87075894-C04B-4CAA-9538-ED6EA9BD3B86}.Release|Any CPU.Build.0 = Release|Any CPU
		{87075894-C04B-4CAA-9538-ED6EA9BD3B86}.Release|x64.ActiveCfg = Release|Any CPU
		{87075894-C04B-4CAA-9538-ED6EA9BD3B86}.Release|x64.Build.0 = Release|Any CPU
		{87075894-C04B-4CAA-9538-ED6EA9BD3B86}.Release|x86.ActiveCfg = Release|Any CPU
		{87075894-C04B-4CAA-9538-ED6EA9BD3B86}.Release|x86.Build.0 = Release|Any CPU
		{69942DF0-8C0E-4FD1-AF1A-522D885869BE}.Debug|Any CPU.ActiveCfg = Debug|Any CPU
		{69942DF0-8C0E-4FD1-AF1A-522D885869BE}.Debug|Any CPU.Build.0 = Debug|Any CPU
		{69942DF0-8C0E-4FD1-AF1A-522D885869BE}.Debug|x64.ActiveCfg = Debug|Any CPU
		{69942DF0-8C0E-4FD1-AF1A-522D885869BE}.Debug|x64.Build.0 = Debug|Any CPU
		{69942DF0-8C0E-4FD1-AF1A-522D885869BE}.Debug|x86.ActiveCfg = Debug|Any CPU
		{69942DF0-8C0E-4FD1-AF1A-522D885869BE}.Debug|x86.Build.0 = Debug|Any CPU
		{69942DF0-8C0E-4FD1-AF1A-522D885869BE}.Release|Any CPU.ActiveCfg = Release|Any CPU
		{69942DF0-8C0E-4FD1-AF1A-522D885869BE}.Release|Any CPU.Build.0 = Release|Any CPU
		{69942DF0-8C0E-4FD1-AF1A-522D885869BE}.Release|x64.ActiveCfg = Release|Any CPU
		{69942DF0-8C0E-4FD1-AF1A-522D885869BE}.Release|x64.Build.0 = Release|Any CPU
		{69942DF0-8C0E-4FD1-AF1A-522D885869BE}.Release|x86.ActiveCfg = Release|Any CPU
		{69942DF0-8C0E-4FD1-AF1A-522D885869BE}.Release|x86.Build.0 = Release|Any CPU
		{4328D807-4DF5-4FD6-AA07-47D1C112E8DD}.Debug|Any CPU.ActiveCfg = Debug|Any CPU
		{4328D807-4DF5-4FD6-AA07-47D1C112E8DD}.Debug|Any CPU.Build.0 = Debug|Any CPU
		{4328D807-4DF5-4FD6-AA07-47D1C112E8DD}.Debug|x64.ActiveCfg = Debug|Any CPU
		{4328D807-4DF5-4FD6-AA07-47D1C112E8DD}.Debug|x64.Build.0 = Debug|Any CPU
		{4328D807-4DF5-4FD6-AA07-47D1C112E8DD}.Debug|x86.ActiveCfg = Debug|Any CPU
		{4328D807-4DF5-4FD6-AA07-47D1C112E8DD}.Debug|x86.Build.0 = Debug|Any CPU
		{4328D807-4DF5-4FD6-AA07-47D1C112E8DD}.Release|Any CPU.ActiveCfg = Release|Any CPU
		{4328D807-4DF5-4FD6-AA07-47D1C112E8DD}.Release|Any CPU.Build.0 = Release|Any CPU
		{4328D807-4DF5-4FD6-AA07-47D1C112E8DD}.Release|x64.ActiveCfg = Release|Any CPU
		{4328D807-4DF5-4FD6-AA07-47D1C112E8DD}.Release|x64.Build.0 = Release|Any CPU
		{4328D807-4DF5-4FD6-AA07-47D1C112E8DD}.Release|x86.ActiveCfg = Release|Any CPU
		{4328D807-4DF5-4FD6-AA07-47D1C112E8DD}.Release|x86.Build.0 = Release|Any CPU
		{E9B2581B-1AAA-4F7C-9863-68A3A55FE333}.Debug|Any CPU.ActiveCfg = Debug|Any CPU
		{E9B2581B-1AAA-4F7C-9863-68A3A55FE333}.Debug|Any CPU.Build.0 = Debug|Any CPU
		{E9B2581B-1AAA-4F7C-9863-68A3A55FE333}.Debug|x64.ActiveCfg = Debug|Any CPU
		{E9B2581B-1AAA-4F7C-9863-68A3A55FE333}.Debug|x64.Build.0 = Debug|Any CPU
		{E9B2581B-1AAA-4F7C-9863-68A3A55FE333}.Debug|x86.ActiveCfg = Debug|Any CPU
		{E9B2581B-1AAA-4F7C-9863-68A3A55FE333}.Debug|x86.Build.0 = Debug|Any CPU
		{E9B2581B-1AAA-4F7C-9863-68A3A55FE333}.Release|Any CPU.ActiveCfg = Release|Any CPU
		{E9B2581B-1AAA-4F7C-9863-68A3A55FE333}.Release|Any CPU.Build.0 = Release|Any CPU
		{E9B2581B-1AAA-4F7C-9863-68A3A55FE333}.Release|x64.ActiveCfg = Release|Any CPU
		{E9B2581B-1AAA-4F7C-9863-68A3A55FE333}.Release|x64.Build.0 = Release|Any CPU
		{E9B2581B-1AAA-4F7C-9863-68A3A55FE333}.Release|x86.ActiveCfg = Release|Any CPU
		{E9B2581B-1AAA-4F7C-9863-68A3A55FE333}.Release|x86.Build.0 = Release|Any CPU
	EndGlobalSection
	GlobalSection(SolutionProperties) = preSolution
		HideSolutionNode = FALSE
	EndGlobalSection
EndGlobal
